#MicroXplorer Configuration settings - do not modify
Mcu.Family=STM32F3
ProjectManager.MainLocation=Core/Src
PA2.GPIO_PuPd=GPIO_NOPULL
RCC.MCOFreq_Value=72000000
ADC2.ExternalTrigConv=ADC_EXTERNALTRIGCONV_T1_CC3
RCC.USART1Freq_Value=72000000
ADC2.OffsetNumber-2\#ChannelRegularConversion=ADC_OFFSET_NONE
USART2.IPParameters=VirtualMode-Asynchronous,BaudRate
RCC.CortexFreq_Value=72000000
RCC.TIM17Freq_Value=72000000
ProjectManager.KeepUserCode=true
Mcu.UserName=STM32F303RETx
ADC2.SamplingTime-1\#ChannelRegularConversion=ADC_SAMPLETIME_61CYCLES_5
VP_ADC1_TempSens_Input.Mode=IN-TempSens
TIM1.IPParameters=Prescaler,Period,AutoReloadPreload,Channel-Output Compare3 No Output,OCMode_3
Dma.ADC3.2.Instance=DMA2_Channel5
RCC.PLLCLKFreq_Value=72000000
TIM8.Pulse-PWM\ Generation1\ CH1=500
PA14.GPIO_Label=TCK
PC7.Locked=true
RCC.SYSCLKSourceVirtual=RCC_SYSCLKSOURCE_PLLCLK
PA3.GPIO_PuPd=GPIO_NOPULL
ProjectManager.functionlistsort=1-MX_GPIO_Init-GPIO-false-HAL-true,2-MX_DMA_Init-DMA-false-HAL-true,3-SystemClock_Config-RCC-false-HAL-false,4-MX_USART2_UART_Init-USART2-false-HAL-true,5-MX_ADC1_Init-ADC1-false-HAL-true,6-MX_ADC2_Init-ADC2-false-HAL-true,7-MX_ADC3_Init-ADC3-false-HAL-true,8-MX_TIM1_Init-TIM1-false-HAL-true,9-MX_TIM8_Init-TIM8-false-HAL-true
PA2.GPIO_Speed=GPIO_SPEED_FREQ_LOW
RCC.RTCFreq_Value=40000
PA3.GPIOParameters=GPIO_Speed,GPIO_PuPd,GPIO_Label,GPIO_Mode
RCC.USART2Freq_Value=36000000
PC13.GPIO_Label=B1 [Blue PushButton]
PA3.GPIO_Speed=GPIO_SPEED_FREQ_LOW
VP_TIM8_VS_ClockSourceINT.Signal=TIM8_VS_ClockSourceINT
ADC3.Channel-0\#ChannelRegularConversion=ADC_CHANNEL_12
PA2.GPIOParameters=GPIO_Speed,GPIO_PuPd,GPIO_Label,GPIO_Mode
PinOutPanel.RotationAngle=0
ProjectManager.StackSize=0x400
SH.GPXTI13.0=GPIO_EXTI13
RCC.I2C3Freq_Value=8000000
Mcu.IP4=NVIC
Mcu.IP5=RCC
RCC.FCLKCortexFreq_Value=72000000
Mcu.IP2=ADC3
NVIC.SVCall_IRQn=true\:0\:0\:false\:false\:true\:false\:false
Mcu.IP3=DMA
Mcu.IP0=ADC1
Mcu.IP1=ADC2
TIM1.Prescaler=72
Mcu.UserConstants=
PA4.Mode=IN1-Single-Ended
ADC2.DMAContinuousRequests=ENABLE
SH.GPXTI13.ConfNb=1
ADC1.Offset-0\#ChannelRegularConversion=0
Mcu.ThirdPartyNb=0
Dma.ADC3.2.Priority=DMA_PRIORITY_LOW
RCC.HCLKFreq_Value=72000000
TIM8.Channel-PWM\ Generation1\ CH1=TIM_CHANNEL_1
VP_ADC3_Vref_Input.Mode=IN-Vrefint
Mcu.IPNb=10
RCC.I2SClocksFreq_Value=72000000
ProjectManager.PreviousToolchain=
ADC1.Offset-1\#ChannelRegularConversion=0
RCC.APB2TimFreq_Value=72000000
PB6.Signal=S_TIM8_CH1
Dma.ADC1.0.Direction=DMA_PERIPH_TO_MEMORY
ADC1.Channel-2\#ChannelRegularConversion=ADC_CHANNEL_TEMPSENSOR
PC7.Signal=S_TIM8_CH2
Mcu.Pin6=PA1
Mcu.Pin7=PA2
Mcu.Pin8=PA3
Mcu.Pin9=PA4
ADC2.EOCSelection=ADC_EOC_SEQ_CONV
Dma.ADC1.0.MemDataAlignment=DMA_MDATAALIGN_HALFWORD
RCC.AHBFreq_Value=72000000
RCC.TIM2Freq_Value=72000000
Mcu.Pin0=PC13
Mcu.Pin1=PC14-OSC32_IN
TIM8.IPParameters=Channel-PWM Generation1 CH1,Channel-PWM Generation2 CH2,Prescaler,Period,Pulse-PWM Generation1 CH1,Pulse-PWM Generation2 CH2,AutoReloadPreload
GPIO.groupedBy=Group By Peripherals
Mcu.Pin2=PC15-OSC32_OUT
Mcu.Pin3=PF0-OSC_IN
RCC.USART3Freq_Value=36000000
Mcu.Pin4=PF1-OSC_OUT
Mcu.Pin5=PA0
ADC1.Channel-0\#ChannelRegularConversion=ADC_CHANNEL_1
ProjectManager.ProjectBuild=false
NVIC.DMA2_Channel5_IRQn=true\:0\:0\:false\:false\:true\:false\:true
RCC.HSE_VALUE=8000000
NVIC.UsageFault_IRQn=true\:0\:0\:false\:false\:true\:true\:false
PA0.Locked=true
NVIC.DebugMonitor_IRQn=true\:0\:0\:false\:false\:true\:true\:false
PA4.Locked=true
USART2.VirtualMode-Asynchronous=VM_ASYNC
NVIC.SysTick_IRQn=true\:0\:0\:true\:false\:true\:true\:true
RCC.RCC_PLLsource_Clock_Source_FROM_HSE=RCC_HSE_PREDIV_DIV2
RCC.PLLMUL=RCC_PLL_MUL9
ADC1.SequencerNbRanks=1
VP_ADC2_Vref_Input.Signal=ADC2_Vref_Input
ADC3.ExternalTrigConv=ADC_EXTERNALTRIGCONV_T1_CC3
ProjectManager.FirmwarePackage=STM32Cube FW_F3 V1.11.2
MxDb.Version=DB.6.0.20
Dma.ADC2.1.Instance=DMA2_Channel1
ADC1.Rank-2\#ChannelRegularConversion=3
ProjectManager.BackupPrevious=false
VP_TIM1_VS_no_output3.Signal=TIM1_VS_no_output3
PC14-OSC32_IN.Mode=LSE-External-Oscillator
PF0-OSC_IN.Locked=true
PA14.Mode=Serial_Wire
ADC2.SamplingTimeOPAMP-2\#ChannelRegularConversion=ADC_SAMPLETIME_61CYCLES_5
PA5.GPIO_PuPd=GPIO_NOPULL
Dma.ADC1.0.PeriphInc=DMA_PINC_DISABLE
Dma.ADC3.2.Direction=DMA_PERIPH_TO_MEMORY
File.Version=6
PA0.Mode=IN1-Single-Ended
ADC3.IPParameters=Rank-0\#ChannelRegularConversion,Channel-0\#ChannelRegularConversion,SamplingTime-0\#ChannelRegularConversion,OffsetNumber-0\#ChannelRegularConversion,Offset-0\#ChannelRegularConversion,NbrOfConversionFlag,NbrOfConversion,EOCSelection,DMAContinuousRequests,ExternalTrigConv,ExternalTrigConvEdge,master
PB3.GPIOParameters=GPIO_Label
Dma.ADC2.1.PeriphInc=DMA_PINC_DISABLE
PB6.Locked=true
NVIC.PendSV_IRQn=true\:0\:0\:false\:false\:true\:false\:false
VP_ADC3_Vref_Input.Signal=ADC3_Vref_Input
Dma.RequestsNb=3
ProjectManager.HalAssertFull=false
PB0.Locked=true
SH.S_TIM8_CH1.ConfNb=1
VP_TIM1_VS_ClockSourceINT.Mode=Internal
ADC1.SamplingTime-0\#ChannelRegularConversion=ADC_SAMPLETIME_61CYCLES_5
ProjectManager.ProjectName=Nucleo-F303RE
PA0.Signal=ADC1_IN1
RCC.TIM1Freq_Value=72000000
PA13.GPIOParameters=GPIO_Label
Dma.ADC2.1.RequestParameters=Instance,Direction,PeriphInc,MemInc,PeriphDataAlignment,MemDataAlignment,Mode,Priority
RCC.PLLMCOFreq_Value=72000000
ADC3.master=1
Dma.ADC3.2.RequestParameters=Instance,Direction,PeriphInc,MemInc,PeriphDataAlignment,MemDataAlignment,Mode,Priority
Mcu.Package=LQFP64
TIM8.Pulse-PWM\ Generation2\ CH2=250
RCC.TIM15Freq_Value=72000000
PA5.Locked=true
RCC.ADC34outputFreq_Value=72000000
PA14.Locked=true
ProjectManager.ToolChainLocation=
PA2.GPIO_Label=USART_TX
RCC.LSI_VALUE=40000
VP_SYS_VS_Systick.Signal=SYS_VS_Systick
ADC2.Channel-1\#ChannelRegularConversion=ADC_CHANNEL_VREFINT
ADC3.Rank-0\#ChannelRegularConversion=1
ADC2.Offset-2\#ChannelRegularConversion=0
TIM8.Channel-PWM\ Generation2\ CH2=TIM_CHANNEL_2
ADC1.OffsetNumber-1\#ChannelRegularConversion=ADC_OFFSET_NONE
PA5.GPIOParameters=GPIO_Speed,GPIO_PuPd,GPIO_Label,GPIO_Mode
ADC3.OffsetNumber-0\#ChannelRegularConversion=ADC_OFFSET_NONE
RCC.TIM16Freq_Value=72000000
TIM8.Prescaler=720
ADC3.DMAContinuousRequests=ENABLE
ADC2.SamplingTime-2\#ChannelRegularConversion=ADC_SAMPLETIME_61CYCLES_5
ADC2.NbrOfConversion=2
Dma.Request2=ADC3
ADC3.ExternalTrigConvEdge=ADC_EXTERNALTRIGCONVEDGE_RISINGFALLING
Dma.Request1=ADC2
RCC.APB1TimFreq_Value=72000000
NVIC.BusFault_IRQn=true\:0\:0\:false\:false\:true\:true\:false
ADC2.Rank-2\#ChannelRegularConversion=2
TIM1.Period=10000
Dma.Request0=ADC1
ADC1.EOCSelection=ADC_EOC_SEQ_CONV
Dma.ADC2.1.PeriphDataAlignment=DMA_PDATAALIGN_HALFWORD
ProjectManager.CustomerFirmwarePackage=
PC14-OSC32_IN.Locked=true
PF1-OSC_OUT.Signal=RCC_OSC_OUT
PB3.Locked=true
PA3.Signal=USART2_RX
PA2.GPIO_Mode=GPIO_MODE_AF_PP
PA2.Locked=true
PB3.GPIO_Label=SWO
PC15-OSC32_OUT.Mode=LSE-External-Oscillator
ProjectManager.ProjectFileName=Nucleo-F303RE.ioc
Dma.ADC3.2.MemDataAlignment=DMA_MDATAALIGN_HALFWORD
Dma.ADC1.0.Instance=DMA1_Channel1
RCC.ADC12outputFreq_Value=72000000
ADC1.Rank-0\#ChannelRegularConversion=1
Mcu.PinsNb=24
ProjectManager.NoMain=false
TIM1.OCMode_3=TIM_OCMODE_TOGGLE
ADC1.IPParameters=Rank-0\#ChannelRegularConversion,Channel-0\#ChannelRegularConversion,SamplingTime-0\#ChannelRegularConversion,OffsetNumber-0\#ChannelRegularConversion,Offset-0\#ChannelRegularConversion,NbrOfConversionFlag,SequencerNbRanks,NbrOfConversion,Rank-1\#ChannelRegularConversion,Channel-1\#ChannelRegularConversion,SamplingTime-1\#ChannelRegularConversion,OffsetNumber-1\#ChannelRegularConversion,Offset-1\#ChannelRegularConversion,Rank-2\#ChannelRegularConversion,Channel-2\#ChannelRegularConversion,SamplingTime-2\#ChannelRegularConversion,OffsetNumber-2\#ChannelRegularConversion,Offset-2\#ChannelRegularConversion,DMAContinuousRequests,EOCSelection,ExternalTrigConvEdge,master,ExternalTrigConv
PC13.Locked=true
ADC1.OffsetNumber-0\#ChannelRegularConversion=ADC_OFFSET_NONE
PC13.Signal=GPXTI13
ProjectManager.DefaultFWLocation=true
ProjectManager.DeletePrevious=true
PF1-OSC_OUT.Locked=true
ADC1.ExternalTrigConvEdge=ADC_EXTERNALTRIGCONVEDGE_RISINGFALLING
RCC.APB1CLKDivider=RCC_HCLK_DIV2
PC14-OSC32_IN.Signal=RCC_OSC32_IN
boardIOC=true
USART2.BaudRate=115200
SH.S_TIM8_CH2.0=TIM8_CH2,PWM Generation2 CH2
ADC1.SamplingTime-2\#ChannelRegularConversion=ADC_SAMPLETIME_61CYCLES_5
RCC.FamilyName=M
PA3.Mode=Asynchronous
PA13.Signal=SYS_JTMS-SWDIO
TIM1.AutoReloadPreload=TIM_AUTORELOAD_PRELOAD_ENABLE
Dma.ADC1.0.PeriphDataAlignment=DMA_PDATAALIGN_HALFWORD
ADC3.SamplingTime-0\#ChannelRegularConversion=ADC_SAMPLETIME_61CYCLES_5
PC15-OSC32_OUT.Locked=true
ProjectManager.TargetToolchain=STM32CubeIDE
Dma.ADC1.0.Mode=DMA_CIRCULAR
PA3.GPIO_Mode=GPIO_MODE_AF_PP
ADC2.IPParameters=Rank-1\#ChannelRegularConversion,Channel-1\#ChannelRegularConversion,SamplingTime-1\#ChannelRegularConversion,OffsetNumber-1\#ChannelRegularConversion,Offset-1\#ChannelRegularConversion,NbrOfConversionFlag,Rank-2\#ChannelRegularConversion,Channel-2\#ChannelRegularConversion,SamplingTime-2\#ChannelRegularConversion,SamplingTimeOPAMP-2\#ChannelRegularConversion,OffsetNumber-2\#ChannelRegularConversion,Offset-2\#ChannelRegularConversion,NbrOfConversion,DMAContinuousRequests,EOCSelection,ExternalTrigConv,ExternalTrigConvEdge
Dma.ADC1.0.Priority=DMA_PRIORITY_LOW
ADC1.Channel-1\#ChannelRegularConversion=ADC_CHANNEL_2
VP_TIM1_VS_ClockSourceINT.Signal=TIM1_VS_ClockSourceINT
Dma.ADC3.2.PeriphDataAlignment=DMA_PDATAALIGN_HALFWORD
VP_TIM8_VS_ClockSourceINT.Mode=Internal
ProjectManager.RegisterCallBack=
ADC1.Offset-2\#ChannelRegularConversion=0
RCC.USBFreq_Value=72000000
ADC3.NbrOfConversion=1
Dma.ADC2.1.Mode=DMA_CIRCULAR
PC15-OSC32_OUT.Signal=RCC_OSC32_OUT
PA1.Signal=ADC1_IN2
PF0-OSC_IN.Mode=HSE-External-Clock-Source
ADC2.OffsetNumber-1\#ChannelRegularConversion=ADC_OFFSET_NONE
PA5.Signal=GPIO_Output
TIM1.Channel-Output\ Compare3\ No\ Output=TIM_CHANNEL_3
Dma.ADC3.2.Mode=DMA_CIRCULAR
SH.S_TIM8_CH1.0=TIM8_CH1,PWM Generation1 CH1
PB0.Mode=IN12-Single-Ended
TIM8.AutoReloadPreload=TIM_AUTORELOAD_PRELOAD_ENABLE
board=NUCLEO-F303RE
ProjectManager.LastFirmware=true
ADC2.Channel-2\#ChannelRegularConversion=ADC_CHANNEL_1
RCC.VCOOutput2Freq_Value=8000000
ADC2.Offset-1\#ChannelRegularConversion=0
Dma.ADC1.0.RequestParameters=Instance,Direction,PeriphInc,MemInc,PeriphDataAlignment,MemDataAlignment,Mode,Priority
RCC.APB2Freq_Value=72000000
RCC.TIM8Freq_Value=72000000
PA1.Mode=IN2-Single-Ended
RCC.UART4Freq_Value=36000000
MxCube.Version=6.2.0
RCC.I2C1Freq_Value=8000000
PC13.GPIOParameters=GPIO_Label,GPIO_ModeDefaultEXTI
VP_TIM1_VS_no_output3.Mode=Output Compare3 No Output
VP_ADC1_TempSens_Input.Signal=ADC1_TempSens_Input
VP_SYS_VS_Systick.Mode=SysTick
Dma.ADC3.2.MemInc=DMA_MINC_ENABLE
NVIC.NonMaskableInt_IRQn=true\:0\:0\:false\:false\:true\:true\:false
ADC1.DMAContinuousRequests=ENABLE
Dma.ADC2.1.MemInc=DMA_MINC_ENABLE
RCC.UART5Freq_Value=36000000
ADC1.NbrOfConversion=3
PA13.Mode=Serial_Wire
ADC1.OffsetNumber-2\#ChannelRegularConversion=ADC_OFFSET_NONE
ProjectManager.FreePins=false
RCC.IPParameters=ADC12outputFreq_Value,ADC34outputFreq_Value,AHBFreq_Value,APB1CLKDivider,APB1Freq_Value,APB1TimFreq_Value,APB2Freq_Value,APB2TimFreq_Value,CortexFreq_Value,FCLKCortexFreq_Value,FamilyName,HCLKFreq_Value,HSE_VALUE,HSI_VALUE,I2C1Freq_Value,I2C2Freq_Value,I2C3Freq_Value,I2SClocksFreq_Value,LSI_VALUE,MCOFreq_Value,PLLCLKFreq_Value,PLLM,PLLMCOFreq_Value,PLLMUL,PLLN,PLLP,PLLQ,RCC_PLLsource_Clock_Source_FROM_HSE,RTCFreq_Value,RTCHSEDivFreq_Value,SYSCLKFreq_VALUE,SYSCLKSourceVirtual,TIM15Freq_Value,TIM16Freq_Value,TIM17Freq_Value,TIM1Freq_Value,TIM20Freq_Value,TIM2Freq_Value,TIM3Freq_Value,TIM8Freq_Value,UART4Freq_Value,UART5Freq_Value,USART1Freq_Value,USART2Freq_Value,USART3Freq_Value,USBFreq_Value,VCOOutput2Freq_Value
ProjectManager.AskForMigrate=true
Mcu.Name=STM32F303R(D-E)Tx
RCC.RTCHSEDivFreq_Value=250000
PA2.Signal=USART2_TX
PA13.GPIO_Label=TMS
ProjectManager.UnderRoot=true
Mcu.IP8=TIM8
ADC1.ExternalTrigConv=ADC_EXTERNALTRIGCONV_T1_CC3
TIM8.Period=1000
Mcu.IP9=USART2
Mcu.IP6=SYS
Mcu.IP7=TIM1
ProjectManager.CoupleFile=false
PB3.Signal=SYS_JTDO-TRACESWO
PA4.Signal=ADC2_IN1
ADC1.SamplingTime-1\#ChannelRegularConversion=ADC_SAMPLETIME_61CYCLES_5
RCC.SYSCLKFreq_VALUE=72000000
Mcu.Pin22=VP_TIM1_VS_no_output3
Dma.ADC2.1.Direction=DMA_PERIPH_TO_MEMORY
Mcu.Pin23=VP_TIM8_VS_ClockSourceINT
PA1.Locked=true
Mcu.Pin20=VP_SYS_VS_Systick
ADC1.master=1
PA3.Locked=true
Mcu.Pin21=VP_TIM1_VS_ClockSourceINT
PA5.GPIO_Label=LD2 [Green Led]
ADC2.NbrOfConversionFlag=1
NVIC.ForceEnableDMAVector=true
KeepUserPlacement=false
PC13.GPIO_ModeDefaultEXTI=GPIO_MODE_IT_FALLING
Dma.ADC3.2.PeriphInc=DMA_PINC_DISABLE
PA14.GPIOParameters=GPIO_Label
NVIC.MemoryManagement_IRQn=true\:0\:0\:false\:false\:true\:true\:false
PA13.Locked=true
ProjectManager.CompilerOptimize=6
ADC1.Rank-1\#ChannelRegularConversion=2
PA14.Signal=SYS_JTCK-SWCLK
Dma.ADC1.0.MemInc=DMA_MINC_ENABLE
NVIC.DMA2_Channel1_IRQn=true\:0\:0\:false\:false\:true\:false\:true
ProjectManager.HeapSize=0x200
Mcu.Pin15=PB3
NVIC.HardFault_IRQn=true\:0\:0\:false\:false\:true\:true\:false
Mcu.Pin16=PB6
ADC3.EOCSelection=ADC_EOC_SEQ_CONV
Mcu.Pin13=PA13
Mcu.Pin14=PA14
Mcu.Pin19=VP_ADC3_Vref_Input
RCC.TIM20Freq_Value=72000000
ProjectManager.ComputerToolchain=false
Mcu.Pin17=VP_ADC1_TempSens_Input
RCC.HSI_VALUE=8000000
Mcu.Pin18=VP_ADC2_Vref_Input
ADC3.Offset-0\#ChannelRegularConversion=0
RCC.TIM3Freq_Value=72000000
ADC2.ExternalTrigConvEdge=ADC_EXTERNALTRIGCONVEDGE_RISINGFALLING
RCC.PLLP=RCC_PLLP_DIV4
PA5.GPIO_Speed=GPIO_SPEED_FREQ_LOW
RCC.PLLQ=7
NVIC.PriorityGroup=NVIC_PRIORITYGROUP_4
ADC1.NbrOfConversionFlag=1
Mcu.Pin11=PB0
Mcu.Pin12=PC7
Dma.ADC2.1.MemDataAlignment=DMA_MDATAALIGN_HALFWORD
RCC.PLLM=8
RCC.PLLN=336
Mcu.Pin10=PA5
ADC2.Rank-1\#ChannelRegularConversion=1
PA2.Mode=Asynchronous
Dma.ADC2.1.Priority=DMA_PRIORITY_LOW
NVIC.DMA1_Channel1_IRQn=true\:0\:0\:false\:false\:true\:false\:true
PF0-OSC_IN.Signal=RCC_OSC_IN
RCC.I2C2Freq_Value=8000000
RCC.APB1Freq_Value=36000000
PA5.GPIO_Mode=GPIO_MODE_OUTPUT_PP
ADC3.NbrOfConversionFlag=1
PB0.Signal=ADC3_IN12
VP_ADC2_Vref_Input.Mode=IN-Vrefint
ProjectManager.DeviceId=STM32F303RETx
SH.S_TIM8_CH2.ConfNb=1
ProjectManager.LibraryCopy=2
PA3.GPIO_Label=USART_RX
isbadioc=false
